<Solution>
  <Project Path="CodeQuotes/CodeQuotes.csproj" Id="d6e409ea-abed-4f0a-b567-a695c155af43">
    <Deploy Solution="Debug|*" />
  </Project>
  <Project Path="ColorMaker/ColorMaker.csproj">
    <Deploy Solution="Debug|*" />
  </Project>
  <Project Path="PerfectPay/PerfectPay.csproj" Id="0258f77a-8f3b-467b-8069-cdb41bee3b6c">
    <Deploy Solution="Debug|*" />
  </Project>
</Solution>
